{
  "nodes": {
    "nixpkgs": {
      "locked": {
        "lastModified": 1667426640,
        "narHash": "sha256-zJFPcWL9i0Y1BqzqEa8RKx+SiUgupHhYqPDCaFmlBpw=",
        "owner": "NixOS",
        "repo": "nixpkgs",
        "rev": "636051e353461f073ac55d5d42c1ed062a345046",
        "type": "github"
      },
      "original": {
        "owner": "NixOS",
        "ref": "nixos-unstable",
        "repo": "nixpkgs",
        "type": "github"
      }
    },
    "root": {
      "inputs": {
        "nixpkgs": "nixpkgs"
      }
    }
  },
  "root": "root",
  "version": 7
}
